
Microsoft Visual Studio Solution File, Format Version 12.00
# Visual Studio Version 17
VisualStudioVersion = 17.7.34009.444
MinimumVisualStudioVersion = 10.0.40219.1
Project("{9A19103F-16F7-4668-BE54-9A1E7A4F7556}") = "LuckySkyscraperDe1", "LuckySkyscraper\LuckySkyscraperDe1.csproj", "{C6CA4BAB-7CC5-4204-9C3D-719316792A40}"
EndProject
Global
	GlobalSection(SolutionConfigurationPlatforms) = preSolution
		Debug|Any CPU = Debug|Any CPU
		Release|Any CPU = Release|Any CPU
	EndGlobalSection
	GlobalSection(ProjectConfigurationPlatforms) = postSolution
		{C6CA4BAB-7CC5-4204-9C3D-719316792A40}.Debug|Any CPU.ActiveCfg = Debug|Any CPU
		{C6CA4BAB-7CC5-4204-9C3D-719316792A40}.Debug|Any CPU.Build.0 = Debug|Any CPU
		{C6CA4BAB-7CC5-4204-9C3D-719316792A40}.Release|Any CPU.ActiveCfg = Release|Any CPU
		{C6CA4BAB-7CC5-4204-9C3D-719316792A40}.Release|Any CPU.Build.0 = Release|Any CPU
	EndGlobalSection
	GlobalSection(SolutionProperties) = preSolution
		HideSolutionNode = FALSE
	EndGlobalSection
	GlobalSection(ExtensibilityGlobals) = postSolution
		SolutionGuid = {10739C2B-A7C1-4513-A811-22EF2F5B1425}
	EndGlobalSection
EndGlobal
